
Microsoft Visual Studio Solution File, Format Version 12.00
Project("{FAE04EC0-301F-11D3-BF4B-00C04F79EFBC}") = "InternshipTracker.Tests", "src\InternshipTracker.Tests\InternshipTracker.Tests.csproj", "{8FEFE399-DDA4-4E58-9034-D1CE6F3B92D6}"
EndProject
Project("{2150E333-8FDC-42A3-9474-1A3956D46DE8}") = "Solution Items", "Solution Items", "{903502F8-9B35-4648-8EE5-6FE3BDFBE3F0}"
	ProjectSection(SolutionItems) = preProject
		compose.yaml = compose.yaml
		.env = .env
		.gitignore = .gitignore
		.env.example = .env.example
	EndProjectSection
EndProject
Project("{2150E333-8FDC-42A3-9474-1A3956D46DE8}") = "src", "src", "{827E0CD3-B72D-47B6-A68D-7590B98EB39B}"
EndProject
Project("{2150E333-8FDC-42A3-9474-1A3956D46DE8}") = "CoreService", "CoreService", "{D6F75BA0-19D1-53AF-5252-AAA3EE4A82D0}"
EndProject
Project("{FAE04EC0-301F-11D3-BF4B-00C04F79EFBC}") = "CoreService.Domain", "src\CoreService\CoreService.Domain\CoreService.Domain.csproj", "{48566009-4B86-4484-A5FC-2076CCE8E215}"
EndProject
Project("{FAE04EC0-301F-11D3-BF4B-00C04F79EFBC}") = "CoreService.Application", "src\CoreService\CoreService.Application\CoreService.Application.csproj", "{DD790BD4-E65E-4E0C-B467-EFC6D52FFF4A}"
EndProject
Project("{FAE04EC0-301F-11D3-BF4B-00C04F79EFBC}") = "CoreService.Infrastructure", "src\CoreService\CoreService.Infrastructure\CoreService.Infrastructure.csproj", "{40146D6F-7ECA-4F5F-9ACE-6281AE376A47}"
EndProject
Project("{FAE04EC0-301F-11D3-BF4B-00C04F79EFBC}") = "CoreService.Api", "src\CoreService\CoreService.Api\CoreService.Api.csproj", "{9781714F-C386-4C05-86DD-B1328026B6F8}"
EndProject
Project("{FAE04EC0-301F-11D3-BF4B-00C04F79EFBC}") = "Gateway", "src\Gateway\Gateway.csproj", "{924DA4D2-9186-4DC5-AA48-EE6D567D8ABE}"
EndProject
Project("{2150E333-8FDC-42A3-9474-1A3956D46DE8}") = "UserService", "UserService", "{CB753486-031C-08A7-C788-4C8CBC49DED1}"
EndProject
Project("{FAE04EC0-301F-11D3-BF4B-00C04F79EFBC}") = "UserService.Domain", "src\UserService\UserService.Domain\UserService.Domain.csproj", "{62D6C09D-C96F-4AF1-95CC-1D1407FF0F33}"
EndProject
Project("{FAE04EC0-301F-11D3-BF4B-00C04F79EFBC}") = "UserService.Api", "src\UserService\UserService.Api\UserService.Api.csproj", "{F4308C15-FBC4-4993-876A-7D66E45548C1}"
EndProject
Project("{FAE04EC0-301F-11D3-BF4B-00C04F79EFBC}") = "UserService.Application", "src\UserService\UserService.Application\UserService.Application.csproj", "{63F92876-6464-4BC3-B83C-D9B2D2EC1569}"
EndProject
Project("{FAE04EC0-301F-11D3-BF4B-00C04F79EFBC}") = "UserService.Infrastructure", "src\UserService\UserService.Infrastructure\UserService.Infrastructure.csproj", "{17D7BA3F-4769-4C56-8D4D-DCC7F10422F4}"
EndProject
Global
	GlobalSection(SolutionConfigurationPlatforms) = preSolution
		Debug|Any CPU = Debug|Any CPU
		Debug|x64 = Debug|x64
		Debug|x86 = Debug|x86
		Release|Any CPU = Release|Any CPU
		Release|x64 = Release|x64
		Release|x86 = Release|x86
	EndGlobalSection
	GlobalSection(ProjectConfigurationPlatforms) = postSolution
		{8FEFE399-DDA4-4E58-9034-D1CE6F3B92D6}.Debug|Any CPU.ActiveCfg = Debug|Any CPU
		{8FEFE399-DDA4-4E58-9034-D1CE6F3B92D6}.Debug|Any CPU.Build.0 = Debug|Any CPU
		{8FEFE399-DDA4-4E58-9034-D1CE6F3B92D6}.Debug|x64.ActiveCfg = Debug|Any CPU
		{8FEFE399-DDA4-4E58-9034-D1CE6F3B92D6}.Debug|x64.Build.0 = Debug|Any CPU
		{8FEFE399-DDA4-4E58-9034-D1CE6F3B92D6}.Debug|x86.ActiveCfg = Debug|Any CPU
		{8FEFE399-DDA4-4E58-9034-D1CE6F3B92D6}.Debug|x86.Build.0 = Debug|Any CPU
		{8FEFE399-DDA4-4E58-9034-D1CE6F3B92D6}.Release|Any CPU.ActiveCfg = Release|Any CPU
		{8FEFE399-DDA4-4E58-9034-D1CE6F3B92D6}.Release|Any CPU.Build.0 = Release|Any CPU
		{8FEFE399-DDA4-4E58-9034-D1CE6F3B92D6}.Release|x64.ActiveCfg = Release|Any CPU
		{8FEFE399-DDA4-4E58-9034-D1CE6F3B92D6}.Release|x64.Build.0 = Release|Any CPU
		{8FEFE399-DDA4-4E58-9034-D1CE6F3B92D6}.Release|x86.ActiveCfg = Release|Any CPU
		{8FEFE399-DDA4-4E58-9034-D1CE6F3B92D6}.Release|x86.Build.0 = Release|Any CPU
		{48566009-4B86-4484-A5FC-2076CCE8E215}.Debug|Any CPU.ActiveCfg = Debug|Any CPU
		{48566009-4B86-4484-A5FC-2076CCE8E215}.Debug|Any CPU.Build.0 = Debug|Any CPU
		{48566009-4B86-4484-A5FC-2076CCE8E215}.Debug|x64.ActiveCfg = Debug|Any CPU
		{48566009-4B86-4484-A5FC-2076CCE8E215}.Debug|x64.Build.0 = Debug|Any CPU
		{48566009-4B86-4484-A5FC-2076CCE8E215}.Debug|x86.ActiveCfg = Debug|Any CPU
		{48566009-4B86-4484-A5FC-2076CCE8E215}.Debug|x86.Build.0 = Debug|Any CPU
		{48566009-4B86-4484-A5FC-2076CCE8E215}.Release|Any CPU.ActiveCfg = Release|Any CPU
		{48566009-4B86-4484-A5FC-2076CCE8E215}.Release|Any CPU.Build.0 = Release|Any CPU
		{48566009-4B86-4484-A5FC-2076CCE8E215}.Release|x64.ActiveCfg = Release|Any CPU
		{48566009-4B86-4484-A5FC-2076CCE8E215}.Release|x64.Build.0 = Release|Any CPU
		{48566009-4B86-4484-A5FC-2076CCE8E215}.Release|x86.ActiveCfg = Release|Any CPU
		{48566009-4B86-4484-A5FC-2076CCE8E215}.Release|x86.Build.0 = Release|Any CPU
		{DD790BD4-E65E-4E0C-B467-EFC6D52FFF4A}.Debug|Any CPU.ActiveCfg = Debug|Any CPU
		{DD790BD4-E65E-4E0C-B467-EFC6D52FFF4A}.Debug|Any CPU.Build.0 = Debug|Any CPU
		{DD790BD4-E65E-4E0C-B467-EFC6D52FFF4A}.Debug|x64.ActiveCfg = Debug|Any CPU
		{DD790BD4-E65E-4E0C-B467-EFC6D52FFF4A}.Debug|x64.Build.0 = Debug|Any CPU
		{DD790BD4-E65E-4E0C-B467-EFC6D52FFF4A}.Debug|x86.ActiveCfg = Debug|Any CPU
		{DD790BD4-E65E-4E0C-B467-EFC6D52FFF4A}.Debug|x86.Build.0 = Debug|Any CPU
		{DD790BD4-E65E-4E0C-B467-EFC6D52FFF4A}.Release|Any CPU.ActiveCfg = Release|Any CPU
		{DD790BD4-E65E-4E0C-B467-EFC6D52FFF4A}.Release|Any CPU.Build.0 = Release|Any CPU
		{DD790BD4-E65E-4E0C-B467-EFC6D52FFF4A}.Release|x64.ActiveCfg = Release|Any CPU
		{DD790BD4-E65E-4E0C-B467-EFC6D52FFF4A}.Release|x64.Build.0 = Release|Any CPU
		{DD790BD4-E65E-4E0C-B467-EFC6D52FFF4A}.Release|x86.ActiveCfg = Release|Any CPU
		{DD790BD4-E65E-4E0C-B467-EFC6D52FFF4A}.Release|x86.Build.0 = Release|Any CPU
		{40146D6F-7ECA-4F5F-9ACE-6281AE376A47}.Debug|Any CPU.ActiveCfg = Debug|Any CPU
		{40146D6F-7ECA-4F5F-9ACE-6281AE376A47}.Debug|Any CPU.Build.0 = Debug|Any CPU
		{40146D6F-7ECA-4F5F-9ACE-6281AE376A47}.Debug|x64.ActiveCfg = Debug|Any CPU
		{40146D6F-7ECA-4F5F-9ACE-6281AE376A47}.Debug|x64.Build.0 = Debug|Any CPU
		{40146D6F-7ECA-4F5F-9ACE-6281AE376A47}.Debug|x86.ActiveCfg = Debug|Any CPU
		{40146D6F-7ECA-4F5F-9ACE-6281AE376A47}.Debug|x86.Build.0 = Debug|Any CPU
		{40146D6F-7ECA-4F5F-9ACE-6281AE376A47}.Release|Any CPU.ActiveCfg = Release|Any CPU
		{40146D6F-7ECA-4F5F-9ACE-6281AE376A47}.Release|Any CPU.Build.0 = Release|Any CPU
		{40146D6F-7ECA-4F5F-9ACE-6281AE376A47}.Release|x64.ActiveCfg = Release|Any CPU
		{40146D6F-7ECA-4F5F-9ACE-6281AE376A47}.Release|x64.Build.0 = Release|Any CPU
		{40146D6F-7ECA-4F5F-9ACE-6281AE376A47}.Release|x86.ActiveCfg = Release|Any CPU
		{40146D6F-7ECA-4F5F-9ACE-6281AE376A47}.Release|x86.Build.0 = Release|Any CPU
		{9781714F-C386-4C05-86DD-B1328026B6F8}.Debug|Any CPU.ActiveCfg = Debug|Any CPU
		{9781714F-C386-4C05-86DD-B1328026B6F8}.Debug|Any CPU.Build.0 = Debug|Any CPU
		{9781714F-C386-4C05-86DD-B1328026B6F8}.Debug|x64.ActiveCfg = Debug|Any CPU
		{9781714F-C386-4C05-86DD-B1328026B6F8}.Debug|x64.Build.0 = Debug|Any CPU
		{9781714F-C386-4C05-86DD-B1328026B6F8}.Debug|x86.ActiveCfg = Debug|Any CPU
		{9781714F-C386-4C05-86DD-B1328026B6F8}.Debug|x86.Build.0 = Debug|Any CPU
		{9781714F-C386-4C05-86DD-B1328026B6F8}.Release|Any CPU.ActiveCfg = Release|Any CPU
		{9781714F-C386-4C05-86DD-B1328026B6F8}.Release|Any CPU.Build.0 = Release|Any CPU
		{9781714F-C386-4C05-86DD-B1328026B6F8}.Release|x64.ActiveCfg = Release|Any CPU
		{9781714F-C386-4C05-86DD-B1328026B6F8}.Release|x64.Build.0 = Release|Any CPU
		{9781714F-C386-4C05-86DD-B1328026B6F8}.Release|x86.ActiveCfg = Release|Any CPU
		{9781714F-C386-4C05-86DD-B1328026B6F8}.Release|x86.Build.0 = Release|Any CPU
		{924DA4D2-9186-4DC5-AA48-EE6D567D8ABE}.Debug|Any CPU.ActiveCfg = Debug|Any CPU
		{924DA4D2-9186-4DC5-AA48-EE6D567D8ABE}.Debug|Any CPU.Build.0 = Debug|Any CPU
		{924DA4D2-9186-4DC5-AA48-EE6D567D8ABE}.Debug|x64.ActiveCfg = Debug|Any CPU
		{924DA4D2-9186-4DC5-AA48-EE6D567D8ABE}.Debug|x64.Build.0 = Debug|Any CPU
		{924DA4D2-9186-4DC5-AA48-EE6D567D8ABE}.Debug|x86.ActiveCfg = Debug|Any CPU
		{924DA4D2-9186-4DC5-AA48-EE6D567D8ABE}.Debug|x86.Build.0 = Debug|Any CPU
		{924DA4D2-9186-4DC5-AA48-EE6D567D8ABE}.Release|Any CPU.ActiveCfg = Release|Any CPU
		{924DA4D2-9186-4DC5-AA48-EE6D567D8ABE}.Release|Any CPU.Build.0 = Release|Any CPU
		{924DA4D2-9186-4DC5-AA48-EE6D567D8ABE}.Release|x64.ActiveCfg = Release|Any CPU
		{924DA4D2-9186-4DC5-AA48-EE6D567D8ABE}.Release|x64.Build.0 = Release|Any CPU
		{924DA4D2-9186-4DC5-AA48-EE6D567D8ABE}.Release|x86.ActiveCfg = Release|Any CPU
		{924DA4D2-9186-4DC5-AA48-EE6D567D8ABE}.Release|x86.Build.0 = Release|Any CPU
		{62D6C09D-C96F-4AF1-95CC-1D1407FF0F33}.Debug|Any CPU.ActiveCfg = Debug|Any CPU
		{62D6C09D-C96F-4AF1-95CC-1D1407FF0F33}.Debug|Any CPU.Build.0 = Debug|Any CPU
		{62D6C09D-C96F-4AF1-95CC-1D1407FF0F33}.Debug|x64.ActiveCfg = Debug|Any CPU
		{62D6C09D-C96F-4AF1-95CC-1D1407FF0F33}.Debug|x64.Build.0 = Debug|Any CPU
		{62D6C09D-C96F-4AF1-95CC-1D1407FF0F33}.Debug|x86.ActiveCfg = Debug|Any CPU
		{62D6C09D-C96F-4AF1-95CC-1D1407FF0F33}.Debug|x86.Build.0 = Debug|Any CPU
		{62D6C09D-C96F-4AF1-95CC-1D1407FF0F33}.Release|Any CPU.ActiveCfg = Release|Any CPU
		{62D6C09D-C96F-4AF1-95CC-1D1407FF0F33}.Release|Any CPU.Build.0 = Release|Any CPU
		{62D6C09D-C96F-4AF1-95CC-1D1407FF0F33}.Release|x64.ActiveCfg = Release|Any CPU
		{62D6C09D-C96F-4AF1-95CC-1D1407FF0F33}.Release|x64.Build.0 = Release|Any CPU
		{62D6C09D-C96F-4AF1-95CC-1D1407FF0F33}.Release|x86.ActiveCfg = Release|Any CPU
		{62D6C09D-C96F-4AF1-95CC-1D1407FF0F33}.Release|x86.Build.0 = Release|Any CPU
		{F4308C15-FBC4-4993-876A-7D66E45548C1}.Debug|Any CPU.ActiveCfg = Debug|Any CPU
		{F4308C15-FBC4-4993-876A-7D66E45548C1}.Debug|Any CPU.Build.0 = Debug|Any CPU
		{F4308C15-FBC4-4993-876A-7D66E45548C1}.Debug|x64.ActiveCfg = Debug|Any CPU
		{F4308C15-FBC4-4993-876A-7D66E45548C1}.Debug|x64.Build.0 = Debug|Any CPU
		{F4308C15-FBC4-4993-876A-7D66E45548C1}.Debug|x86.ActiveCfg = Debug|Any CPU
		{F4308C15-FBC4-4993-876A-7D66E45548C1}.Debug|x86.Build.0 = Debug|Any CPU
		{F4308C15-FBC4-4993-876A-7D66E45548C1}.Release|Any CPU.ActiveCfg = Release|Any CPU
		{F4308C15-FBC4-4993-876A-7D66E45548C1}.Release|Any CPU.Build.0 = Release|Any CPU
		{F4308C15-FBC4-4993-876A-7D66E45548C1}.Release|x64.ActiveCfg = Release|Any CPU
		{F4308C15-FBC4-4993-876A-7D66E45548C1}.Release|x64.Build.0 = Release|Any CPU
		{F4308C15-FBC4-4993-876A-7D66E45548C1}.Release|x86.ActiveCfg = Release|Any CPU
		{F4308C15-FBC4-4993-876A-7D66E45548C1}.Release|x86.Build.0 = Release|Any CPU
		{63F92876-6464-4BC3-B83C-D9B2D2EC1569}.Debug|Any CPU.ActiveCfg = Debug|Any CPU
		{63F92876-6464-4BC3-B83C-D9B2D2EC1569}.Debug|Any CPU.Build.0 = Debug|Any CPU
		{63F92876-6464-4BC3-B83C-D9B2D2EC1569}.Debug|x64.ActiveCfg = Debug|Any CPU
		{63F92876-6464-4BC3-B83C-D9B2D2EC1569}.Debug|x64.Build.0 = Debug|Any CPU
		{63F92876-6464-4BC3-B83C-D9B2D2EC1569}.Debug|x86.ActiveCfg = Debug|Any CPU
		{63F92876-6464-4BC3-B83C-D9B2D2EC1569}.Debug|x86.Build.0 = Debug|Any CPU
		{63F92876-6464-4BC3-B83C-D9B2D2EC1569}.Release|Any CPU.ActiveCfg = Release|Any CPU
		{63F92876-6464-4BC3-B83C-D9B2D2EC1569}.Release|Any CPU.Build.0 = Release|Any CPU
		{63F92876-6464-4BC3-B83C-D9B2D2EC1569}.Release|x64.ActiveCfg = Release|Any CPU
		{63F92876-6464-4BC3-B83C-D9B2D2EC1569}.Release|x64.Build.0 = Release|Any CPU
		{63F92876-6464-4BC3-B83C-D9B2D2EC1569}.Release|x86.ActiveCfg = Release|Any CPU
		{63F92876-6464-4BC3-B83C-D9B2D2EC1569}.Release|x86.Build.0 = Release|Any CPU
		{17D7BA3F-4769-4C56-8D4D-DCC7F10422F4}.Debug|Any CPU.ActiveCfg = Debug|Any CPU
		{17D7BA3F-4769-4C56-8D4D-DCC7F10422F4}.Debug|Any CPU.Build.0 = Debug|Any CPU
		{17D7BA3F-4769-4C56-8D4D-DCC7F10422F4}.Debug|x64.ActiveCfg = Debug|Any CPU
		{17D7BA3F-4769-4C56-8D4D-DCC7F10422F4}.Debug|x64.Build.0 = Debug|Any CPU
		{17D7BA3F-4769-4C56-8D4D-DCC7F10422F4}.Debug|x86.ActiveCfg = Debug|Any CPU
		{17D7BA3F-4769-4C56-8D4D-DCC7F10422F4}.Debug|x86.Build.0 = Debug|Any CPU
		{17D7BA3F-4769-4C56-8D4D-DCC7F10422F4}.Release|Any CPU.ActiveCfg = Release|Any CPU
		{17D7BA3F-4769-4C56-8D4D-DCC7F10422F4}.Release|Any CPU.Build.0 = Release|Any CPU
		{17D7BA3F-4769-4C56-8D4D-DCC7F10422F4}.Release|x64.ActiveCfg = Release|Any CPU
		{17D7BA3F-4769-4C56-8D4D-DCC7F10422F4}.Release|x64.Build.0 = Release|Any CPU
		{17D7BA3F-4769-4C56-8D4D-DCC7F10422F4}.Release|x86.ActiveCfg = Release|Any CPU
		{17D7BA3F-4769-4C56-8D4D-DCC7F10422F4}.Release|x86.Build.0 = Release|Any CPU
	EndGlobalSection
	GlobalSection(SolutionProperties) = preSolution
		HideSolutionNode = FALSE
	EndGlobalSection
	GlobalSection(NestedProjects) = preSolution
		{D6F75BA0-19D1-53AF-5252-AAA3EE4A82D0} = {827E0CD3-B72D-47B6-A68D-7590B98EB39B}
		{48566009-4B86-4484-A5FC-2076CCE8E215} = {D6F75BA0-19D1-53AF-5252-AAA3EE4A82D0}
		{DD790BD4-E65E-4E0C-B467-EFC6D52FFF4A} = {D6F75BA0-19D1-53AF-5252-AAA3EE4A82D0}
		{40146D6F-7ECA-4F5F-9ACE-6281AE376A47} = {D6F75BA0-19D1-53AF-5252-AAA3EE4A82D0}
		{9781714F-C386-4C05-86DD-B1328026B6F8} = {D6F75BA0-19D1-53AF-5252-AAA3EE4A82D0}
		{924DA4D2-9186-4DC5-AA48-EE6D567D8ABE} = {827E0CD3-B72D-47B6-A68D-7590B98EB39B}
		{CB753486-031C-08A7-C788-4C8CBC49DED1} = {827E0CD3-B72D-47B6-A68D-7590B98EB39B}
		{62D6C09D-C96F-4AF1-95CC-1D1407FF0F33} = {CB753486-031C-08A7-C788-4C8CBC49DED1}
		{F4308C15-FBC4-4993-876A-7D66E45548C1} = {CB753486-031C-08A7-C788-4C8CBC49DED1}
		{63F92876-6464-4BC3-B83C-D9B2D2EC1569} = {CB753486-031C-08A7-C788-4C8CBC49DED1}
		{17D7BA3F-4769-4C56-8D4D-DCC7F10422F4} = {CB753486-031C-08A7-C788-4C8CBC49DED1}
	EndGlobalSection
EndGlobal
